
Microsoft Visual Studio Solution File, Format Version 12.00
# Visual Studio Version 17
VisualStudioVersion = 17.10.35201.131
MinimumVisualStudioVersion = 10.0.40219.1
Project("{FAE04EC0-301F-11D3-BF4B-00C04F79EFBC}") = "TyporaHTMLImgToBase64", "TyporaHTMLImgToBase64.csproj", "{C92A610D-2356-4CCA-BC60-C5F960485309}"
EndProject
Global
	GlobalSection(SolutionConfigurationPlatforms) = preSolution
		Debug|Any CPU = Debug|Any CPU
		Release|Any CPU = Release|Any CPU
	EndGlobalSection
	GlobalSection(ProjectConfigurationPlatforms) = postSolution
		{C92A610D-2356-4CCA-BC60-C5F960485309}.Debug|Any CPU.ActiveCfg = Debug|Any CPU
		{C92A610D-2356-4CCA-BC60-C5F960485309}.Debug|Any CPU.Build.0 = Debug|Any CPU
		{C92A610D-2356-4CCA-BC60-C5F960485309}.Release|Any CPU.ActiveCfg = Release|Any CPU
		{C92A610D-2356-4CCA-BC60-C5F960485309}.Release|Any CPU.Build.0 = Release|Any CPU
	EndGlobalSection
	GlobalSection(SolutionProperties) = preSolution
		HideSolutionNode = FALSE
	EndGlobalSection
	GlobalSection(ExtensibilityGlobals) = postSolution
		SolutionGuid = {5FEBDE5A-01A2-4B68-B3CC-14D0C3F431F0}
	EndGlobalSection
EndGlobal
